// !$*UTF8*$!
{
	archiveVersion = 1;
	classes = {
	};
	objectVersion = 46;
	objects = {

/* Begin PBXBuildFile section */
		3F35AB3D1B2DE8F800071265 /* AppDelegate.swift in Sources */ = {isa = PBXBuildFile; fileRef = 3F35AB3C1B2DE8F800071265 /* AppDelegate.swift */; };
		3F35AB3F1B2DE8F800071265 /* ViewController.swift in Sources */ = {isa = PBXBuildFile; fileRef = 3F35AB3E1B2DE8F800071265 /* ViewController.swift */; };
		3F35AB421B2DE8F800071265 /* Main.storyboard in Resources */ = {isa = PBXBuildFile; fileRef = 3F35AB401B2DE8F800071265 /* Main.storyboard */; };
		3F35AB441B2DE8F800071265 /* Images.xcassets in Resources */ = {isa = PBXBuildFile; fileRef = 3F35AB431B2DE8F800071265 /* Images.xcassets */; };
		3F35AB471B2DE8F800071265 /* LaunchScreen.xib in Resources */ = {isa = PBXBuildFile; fileRef = 3F35AB451B2DE8F800071265 /* LaunchScreen.xib */; };
		3F35AB531B2DE8F800071265 /* Test_BubblesTests.swift in Sources */ = {isa = PBXBuildFile; fileRef = 3F35AB521B2DE8F800071265 /* Test_BubblesTests.swift */; };
/* End PBXBuildFile section */

/* Begin PBXContainerItemProxy section */
		3F35AB4D1B2DE8F800071265 /* PBXContainerItemProxy */ = {
			isa = PBXContainerItemProxy;
			containerPortal = 3F35AB2F1B2DE8F700071265 /* Project object */;
			proxyType = 1;
			remoteGlobalIDString = 3F35AB361B2DE8F800071265;
			remoteInfo = "Test-Bubbles";
		};
/* End PBXContainerItemProxy section */

/* Begin PBXFileReference section */
		3F35AB371B2DE8F800071265 /* Test-Bubbles.app */ = {isa = PBXFileReference; explicitFileType = wrapper.application; includeInIndex = 0; path = "Test-Bubbles.app"; sourceTree = BUILT_PRODUCTS_DIR; };
		3F35AB3B1B2DE8F800071265 /* Info.plist */ = {isa = PBXFileReference; lastKnownFileType = text.plist.xml; path = Info.plist; sourceTree = "<group>"; };
		3F35AB3C1B2DE8F800071265 /* AppDelegate.swift */ = {isa = PBXFileReference; lastKnownFileType = sourcecode.swift; path = AppDelegate.swift; sourceTree = "<group>"; };
		3F35AB3E1B2DE8F800071265 /* ViewController.swift */ = {isa = PBXFileReference; lastKnownFileType = sourcecode.swift; path = ViewController.swift; sourceTree = "<group>"; };
		3F35AB411B2DE8F800071265 /* Base */ = {isa = PBXFileReference; lastKnownFileType = file.storyboard; name = Base; path = Base.lproj/Main.storyboard; sourceTree = "<group>"; };
		3F35AB431B2DE8F800071265 /* Images.xcassets */ = {isa = PBXFileReference; lastKnownFileType = folder.assetcatalog; path = Images.xcassets; sourceTree = "<group>"; };
		3F35AB461B2DE8F800071265 /* Base */ = {isa = PBXFileReference; lastKnownFileType = file.xib; name = Base; path = Base.lproj/LaunchScreen.xib; sourceTree = "<group>"; };
		3F35AB4C1B2DE8F800071265 /* Test-BubblesTests.xctest */ = {isa = PBXFileReference; explicitFileType = wrapper.cfbundle; includeInIndex = 0; path = "Test-BubblesTests.xctest"; sourceTree = BUILT_PRODUCTS_DIR; };
		3F35AB511B2DE8F800071265 /* Info.plist */ = {isa = PBXFileReference; lastKnownFileType = text.plist.xml; path = Info.plist; sourceTree = "<group>"; };
		3F35AB521B2DE8F800071265 /* Test_BubblesTests.swift */ = {isa = PBXFileReference; lastKnownFileType = sourcecode.swift; path = Test_BubblesTests.swift; sourceTree = "<group>"; };
/* End PBXFileReference section */

/* Begin PBXFrameworksBuildPhase section */
		3F35AB341B2DE8F800071265 /* Frameworks */ = {
			isa = PBXFrameworksBuildPhase;
			buildActionMask = 2147483647;
			files = (
			);
			runOnlyForDeploymentPostprocessing = 0;
		};
		3F35AB491B2DE8F800071265 /* Frameworks */ = {
			isa = PBXFrameworksBuildPhase;
			buildActionMask = 2147483647;
			files = (
			);
			runOnlyForDeploymentPostprocessing = 0;
		};
/* End PBXFrameworksBuildPhase section */

/* Begin PBXGroup section */
		3F35AB2E1B2DE8F700071265 = {
			isa = PBXGroup;
			children = (
				3F35AB391B2DE8F800071265 /* Test-Bubbles */,
				3F35AB4F1B2DE8F800071265 /* Test-BubblesTests */,
				3F35AB381B2DE8F800071265 /* Products */,
			);
			sourceTree = "<group>";
		};
		3F35AB381B2DE8F800071265 /* Products */ = {
			isa = PBXGroup;
			children = (
				3F35AB371B2DE8F800071265 /* Test-Bubbles.app */,
				3F35AB4C1B2DE8F800071265 /* Test-BubblesTests.xctest */,
			);
			name = Products;
			sourceTree = "<group>";
		};
		3F35AB391B2DE8F800071265 /* Test-Bubbles */ = {
			isa = PBXGroup;
			children = (
				3F35AB3C1B2DE8F800071265 /* AppDelegate.swift */,
				3F35AB3E1B2DE8F800071265 /* ViewController.swift */,
				3F35AB401B2DE8F800071265 /* Main.storyboard */,
				3F35AB431B2DE8F800071265 /* Images.xcassets */,
				3F35AB451B2DE8F800071265 /* LaunchScreen.xib */,
				3F35AB3A1B2DE8F800071265 /* Supporting Files */,
			);
			path = "Test-Bubbles";
			sourceTree = "<group>";
		};
		3F35AB3A1B2DE8F800071265 /* Supporting Files */ = {
			isa = PBXGroup;
			children = (
				3F35AB3B1B2DE8F800071265 /* Info.plist */,
			);
			name = "Supporting Files";
			sourceTree = "<group>";
		};
		3F35AB4F1B2DE8F800071265 /* Test-BubblesTests */ = {
			isa = PBXGroup;
			children = (
				3F35AB521B2DE8F800071265 /* Test_BubblesTests.swift */,
				3F35AB501B2DE8F800071265 /* Supporting Files */,
			);
			path = "Test-BubblesTests";
			sourceTree = "<group>";
		};
		3F35AB501B2DE8F800071265 /* Supporting Files */ = {
			isa = PBXGroup;
			children = (
				3F35AB511B2DE8F800071265 /* Info.plist */,
			);
			name = "Supporting Files";
			sourceTree = "<group>";
		};
/* End PBXGroup section */

/* Begin PBXNativeTarget section */
		3F35AB361B2DE8F800071265 /* Test-Bubbles */ = {
			isa = PBXNativeTarget;
			buildConfigurationList = 3F35AB561B2DE8F800071265 /* Build configuration list for PBXNativeTarget "Test-Bubbles" */;
			buildPhases = (
				3F35AB331B2DE8F800071265 /* Sources */,
				3F35AB341B2DE8F800071265 /* Frameworks */,
				3F35AB351B2DE8F800071265 /* Resources */,
			);
			buildRules = (
			);
			dependencies = (
			);
			name = "Test-Bubbles";
			productName = "Test-Bubbles";
			productReference = 3F35AB371B2DE8F800071265 /* Test-Bubbles.app */;
			productType = "com.apple.product-type.application";
		};
		3F35AB4B1B2DE8F800071265 /* Test-BubblesTests */ = {
			isa = PBXNativeTarget;
			buildConfigurationList = 3F35AB591B2DE8F800071265 /* Build configuration list for PBXNativeTarget "Test-BubblesTests" */;
			buildPhases = (
				3F35AB481B2DE8F800071265 /* Sources */,
				3F35AB491B2DE8F800071265 /* Frameworks */,
				3F35AB4A1B2DE8F800071265 /* Resources */,
			);
			buildRules = (
			);
			dependencies = (
				3F35AB4E1B2DE8F800071265 /* PBXTargetDependency */,
			);
			name = "Test-BubblesTests";
			productName = "Test-BubblesTests";
			productReference = 3F35AB4C1B2DE8F800071265 /* Test-BubblesTests.xctest */;
			productType = "com.apple.product-type.bundle.unit-test";
		};
/* End PBXNativeTarget section */

/* Begin PBXProject section */
		3F35AB2F1B2DE8F700071265 /* Project object */ = {
			isa = PBXProject;
			attributes = {
				LastUpgradeCheck = 0630;
				ORGANIZATIONNAME = "Grace Yin";
				TargetAttributes = {
					3F35AB361B2DE8F800071265 = {
						CreatedOnToolsVersion = 6.3.2;
					};
					3F35AB4B1B2DE8F800071265 = {
						CreatedOnToolsVersion = 6.3.2;
						TestTargetID = 3F35AB361B2DE8F800071265;
					};
				};
			};
			buildConfigurationList = 3F35AB321B2DE8F700071265 /* Build configuration list for PBXProject "Test-Bubbles" */;
			compatibilityVersion = "Xcode 3.2";
			developmentRegion = English;
			hasScannedForEncodings = 0;
			knownRegions = (
				en,
				Base,
			);
			mainGroup = 3F35AB2E1B2DE8F700071265;
			productRefGroup = 3F35AB381B2DE8F800071265 /* Products */;
			projectDirPath = "";
			projectRoot = "";
			targets = (
				3F35AB361B2DE8F800071265 /* Test-Bubbles */,
				3F35AB4B1B2DE8F800071265 /* Test-BubblesTests */,
			);
		};
/* End PBXProject section */

/* Begin PBXResourcesBuildPhase section */
		3F35AB351B2DE8F800071265 /* Resources */ = {
			isa = PBXResourcesBuildPhase;
			buildActionMask = 2147483647;
			files = (
				3F35AB421B2DE8F800071265 /* Main.storyboard in Resources */,
				3F35AB471B2DE8F800071265 /* LaunchScreen.xib in Resources */,
				3F35AB441B2DE8F800071265 /* Images.xcassets in Resources */,
			);
			runOnlyForDeploymentPostprocessing = 0;
		};
		3F35AB4A1B2DE8F800071265 /* Resources */ = {
			isa = PBXResourcesBuildPhase;
			buildActionMask = 2147483647;
			files = (
			);
			runOnlyForDeploymentPostprocessing = 0;
		};
/* End PBXResourcesBuildPhase section */

/* Begin PBXSourcesBuildPhase section */
		3F35AB331B2DE8F800071265 /* Sources */ = {
			isa = PBXSourcesBuildPhase;
			buildActionMask = 2147483647;
			files = (
				3F35AB3F1B2DE8F800071265 /* ViewController.swift in Sources */,
				3F35AB3D1B2DE8F800071265 /* AppDelegate.swift in Sources */,
			);
			runOnlyForDeploymentPostprocessing = 0;
		};
		3F35AB481B2DE8F800071265 /* Sources */ = {
			isa = PBXSourcesBuildPhase;
			buildActionMask = 2147483647;
			files = (
				3F35AB531B2DE8F800071265 /* Test_BubblesTests.swift in Sources */,
			);
			runOnlyForDeploymentPostprocessing = 0;
		};
/* End PBXSourcesBuildPhase section */

/* Begin PBXTargetDependency section */
		3F35AB4E1B2DE8F800071265 /* PBXTargetDependency */ = {
			isa = PBXTargetDependency;
			target = 3F35AB361B2DE8F800071265 /* Test-Bubbles */;
			targetProxy = 3F35AB4D1B2DE8F800071265 /* PBXContainerItemProxy */;
		};
/* End PBXTargetDependency section */

/* Begin PBXVariantGroup section */
		3F35AB401B2DE8F800071265 /* Main.storyboard */ = {
			isa = PBXVariantGroup;
			children = (
				3F35AB411B2DE8F800071265 /* Base */,
			);
			name = Main.storyboard;
			sourceTree = "<group>";
		};
		3F35AB451B2DE8F800071265 /* LaunchScreen.xib */ = {
			isa = PBXVariantGroup;
			children = (
				3F35AB461B2DE8F800071265 /* Base */,
			);
			name = LaunchScreen.xib;
			sourceTree = "<group>";
		};
/* End PBXVariantGroup section */

/* Begin XCBuildConfiguration section */
		3F35AB541B2DE8F800071265 /* Debug */ = {
			isa = XCBuildConfiguration;
			buildSettings = {
				ALWAYS_SEARCH_USER_PATHS = NO;
				CLANG_CXX_LANGUAGE_STANDARD = "gnu++0x";
				CLANG_CXX_LIBRARY = "libc++";
				CLANG_ENABLE_MODULES = YES;
				CLANG_ENABLE_OBJC_ARC = YES;
				CLANG_WARN_BOOL_CONVERSION = YES;
				CLANG_WARN_CONSTANT_CONVERSION = YES;
				CLANG_WARN_DIRECT_OBJC_ISA_USAGE = YES_ERROR;
				CLANG_WARN_EMPTY_BODY = YES;
				CLANG_WARN_ENUM_CONVERSION = YES;
				CLANG_WARN_INT_CONVERSION = YES;
				CLANG_WARN_OBJC_ROOT_CLASS = YES_ERROR;
				CLANG_WARN_UNREACHABLE_CODE = YES;
				CLANG_WARN__DUPLICATE_METHOD_MATCH = YES;
				"CODE_SIGN_IDENTITY[sdk=iphoneos*]" = "iPhone Developer";
				COPY_PHASE_STRIP = NO;
				DEBUG_INFORMATION_FORMAT = "dwarf-with-dsym";
				ENABLE_STRICT_OBJC_MSGSEND = YES;
				GCC_C_LANGUAGE_STANDARD = gnu99;
				GCC_DYNAMIC_NO_PIC = NO;
				GCC_NO_COMMON_BLOCKS = YES;
				GCC_OPTIMIZATION_LEVEL = 0;
				GCC_PREPROCESSOR_DEFINITIONS = (
					"DEBUG=1",
					"$(inherited)",
				);
				GCC_SYMBOLS_PRIVATE_EXTERN = NO;
				GCC_WARN_64_TO_32_BIT_CONVERSION = YES;
				GCC_WARN_ABOUT_RETURN_TYPE = YES_ERROR;
				GCC_WARN_UNDECLARED_SELECTOR = YES;
				GCC_WARN_UNINITIALIZED_AUTOS = YES_AGGRESSIVE;
				GCC_WARN_UNUSED_FUNCTION = YES;
				GCC_WARN_UNUSED_VARIABLE = YES;
				IPHONEOS_DEPLOYMENT_TARGET = 8.3;
				MTL_ENABLE_DEBUG_INFO = YES;
				ONLY_ACTIVE_ARCH = YES;
				SDKROOT = iphoneos;
				SWIFT_OPTIMIZATION_LEVEL = "-Onone";
				TARGETED_DEVICE_FAMILY = "1,2";
			};
			name = Debug;
		};
		3F35AB551B2DE8F800071265 /* Release */ = {
			isa = XCBuildConfiguration;
			buildSettings = {
				ALWAYS_SEARCH_USER_PATHS = NO;
				CLANG_CXX_LANGUAGE_STANDARD = "gnu++0x";
				CLANG_CXX_LIBRARY = "libc++";
				CLANG_ENABLE_MODULES = YES;
				CLANG_ENABLE_OBJC_ARC = YES;
				CLANG_WARN_BOOL_CONVERSION = YES;
				CLANG_WARN_CONSTANT_CONVERSION = YES;
				CLANG_WARN_DIRECT_OBJC_ISA_USAGE = YES_ERROR;
				CLANG_WARN_EMPTY_BODY = YES;
				CLANG_WARN_ENUM_CONVERSION = YES;
				CLANG_WARN_INT_CONVERSION = YES;
				CLANG_WARN_OBJC_ROOT_CLASS = YES_ERROR;
				CLANG_WARN_UNREACHABLE_CODE = YES;
				CLANG_WARN__DUPLICATE_METHOD_MATCH = YES;
				"CODE_SIGN_IDENTITY[sdk=iphoneos*]" = "iPhone Developer";
				COPY_PHASE_STRIP = NO;
				DEBUG_INFORMATION_FORMAT = "dwarf-with-dsym";
				ENABLE_NS_ASSERTIONS = NO;
				ENABLE_STRICT_OBJC_MSGSEND = YES;
				GCC_C_LANGUAGE_STANDARD = gnu99;
				GCC_NO_COMMON_BLOCKS = YES;
				GCC_WARN_64_TO_32_BIT_CONVERSION = YES;
				GCC_WARN_ABOUT_RETURN_TYPE = YES_ERROR;
				GCC_WARN_UNDECLARED_SELECTOR = YES;
				GCC_WARN_UNINITIALIZED_AUTOS = YES_AGGRESSIVE;
				GCC_WARN_UNUSED_FUNCTION = YES;
				GCC_WARN_UNUSED_VARIABLE = YES;
				IPHONEOS_DEPLOYMENT_TARGET = 8.3;
				MTL_ENABLE_DEBUG_INFO = NO;
				SDKROOT = iphoneos;
				TARGETED_DEVICE_FAMILY = "1,2";
				VALIDATE_PRODUCT = YES;
			};
			name = Release;
		};
		3F35AB571B2DE8F800071265 /* Debug */ = {
			isa = XCBuildConfiguration;
			buildSettings = {
				ASSETCATALOG_COMPILER_APPICON_NAME = AppIcon;
				INFOPLIST_FILE = "Test-Bubbles/Info.plist";
				LD_RUNPATH_SEARCH_PATHS = "$(inherited) @executable_path/Frameworks";
				PRODUCT_NAME = "$(TARGET_NAME)";
			};
			name = Debug;
		};
		3F35AB581B2DE8F800071265 /* Release */ = {
			isa = XCBuildConfiguration;
			buildSettings = {
				ASSETCATALOG_COMPILER_APPICON_NAME = AppIcon;
				INFOPLIST_FILE = "Test-Bubbles/Info.plist";
				LD_RUNPATH_SEARCH_PATHS = "$(inherited) @executable_path/Frameworks";
				PRODUCT_NAME = "$(TARGET_NAME)";
			};
			name = Release;
		};
		3F35AB5A1B2DE8F800071265 /* Debug */ = {
			isa = XCBuildConfiguration;
			buildSettings = {
				BUNDLE_LOADER = "$(TEST_HOST)";
				FRAMEWORK_SEARCH_PATHS = (
					"$(SDKROOT)/Developer/Library/Frameworks",
					"$(inherited)",
				);
				GCC_PREPROCESSOR_DEFINITIONS = (
					"DEBUG=1",
					"$(inherited)",
				);
				INFOPLIST_FILE = "Test-BubblesTests/Info.plist";
				LD_RUNPATH_SEARCH_PATHS = "$(inherited) @executable_path/Frameworks @loader_path/Frameworks";
				PRODUCT_NAME = "$(TARGET_NAME)";
				TEST_HOST = "$(BUILT_PRODUCTS_DIR)/Test-Bubbles.app/Test-Bubbles";
			};
			name = Debug;
		};
		3F35AB5B1B2DE8F800071265 /* Release */ = {
			isa = XCBuildConfiguration;
			buildSettings = {
				BUNDLE_LOADER = "$(TEST_HOST)";
				FRAMEWORK_SEARCH_PATHS = (
					"$(SDKROOT)/Developer/Library/Frameworks",
					"$(inherited)",
				);
				INFOPLIST_FILE = "Test-BubblesTests/Info.plist";
				LD_RUNPATH_SEARCH_PATHS = "$(inherited) @executable_path/Frameworks @loader_path/Frameworks";
				PRODUCT_NAME = "$(TARGET_NAME)";
				TEST_HOST = "$(BUILT_PRODUCTS_DIR)/Test-Bubbles.app/Test-Bubbles";
			};
			name = Release;
		};
/* End XCBuildConfiguration section */

/* Begin XCConfigurationList section */
		3F35AB321B2DE8F700071265 /* Build configuration list for PBXProject "Test-Bubbles" */ = {
			isa = XCConfigurationList;
			buildConfigurations = (
				3F35AB541B2DE8F800071265 /* Debug */,
				3F35AB551B2DE8F800071265 /* Release */,
			);
			defaultConfigurationIsVisible = 0;
			defaultConfigurationName = Release;
		};
		3F35AB561B2DE8F800071265 /* Build configuration list for PBXNativeTarget "Test-Bubbles" */ = {
			isa = XCConfigurationList;
			buildConfigurations = (
				3F35AB571B2DE8F800071265 /* Debug */,
				3F35AB581B2DE8F800071265 /* Release */,
			);
			defaultConfigurationIsVisible = 0;
		};
		3F35AB591B2DE8F800071265 /* Build configuration list for PBXNativeTarget "Test-BubblesTests" */ = {
			isa = XCConfigurationList;
			buildConfigurations = (
				3F35AB5A1B2DE8F800071265 /* Debug */,
				3F35AB5B1B2DE8F800071265 /* Release */,
			);
			defaultConfigurationIsVisible = 0;
		};
/* End XCConfigurationList section */
	};
	rootObject = 3F35AB2F1B2DE8F700071265 /* Project object */;
}
